<?xml version="1.0" encoding="utf-8"?>
<Project ToolsVersion="4.0" xmlns="http://schemas.microsoft.com/developer/msbuild/2003">
  <ItemGroup>
    <Filter Include="Source Files">
      <UniqueIdentifier>{bca456f7-bd18-4932-8542-0394f4a9069a}</UniqueIdentifier>
      <Extensions>cpp;c;cxx;rc;def;r;odl;idl;hpj;bat</Extensions>
    </Filter>
    <Filter Include="Header Files">
      <UniqueIdentifier>{b6e1081a-7ee8-48fe-9da1-ec0e6ef72f83}</UniqueIdentifier>
      <Extensions>h;hpp;hxx;hm;inl</Extensions>
    </Filter>
    <Filter Include="Asimp3">
      <UniqueIdentifier>{381e4a40-bd8f-4318-b320-04f319e6c038}</UniqueIdentifier>
    </Filter>
  </ItemGroup>
  <ItemGroup>
    <ClCompile Include="AUD_Assert.cpp">
      <Filter>Source Files</Filter>
    </ClCompile>
    <ClCompile Include="AUD_Attributes.cpp">
      <Filter>Source Files</Filter>
    </ClCompile>
    <ClCompile Include="AUD_Cache.cpp">
      <Filter>Source Files</Filter>
    </ClCompile>
    <ClCompile Include="AUD_Channel.cpp">
      <Filter>Source Files</Filter>
    </ClCompile>
    <ClCompile Include="AUD_Device.cpp">
      <Filter>Source Files</Filter>
    </ClCompile>
    <ClCompile Include="AUD_DSoundDriver.cpp">
      <Filter>Source Files</Filter>
    </ClCompile>
    <ClCompile Include="AUD_Events.cpp">
      <Filter>Source Files</Filter>
    </ClCompile>
    <ClCompile Include="AUD_Level.cpp">
      <Filter>Source Files</Filter>
    </ClCompile>
    <ClCompile Include="AUD_List.cpp">
      <Filter>Source Files</Filter>
    </ClCompile>
    <ClCompile Include="AUD_Lock.cpp">
      <Filter>Source Files</Filter>
    </ClCompile>
    <ClCompile Include="AUD_Memory.cpp">
      <Filter>Source Files</Filter>
    </ClCompile>
    <ClCompile Include="AUD_Profiler.cpp">
      <Filter>Source Files</Filter>
    </ClCompile>
    <ClCompile Include="AUD_Source.cpp">
      <Filter>Source Files</Filter>
    </ClCompile>
    <ClCompile Include="AUD_StreamBuffering.cpp">
      <Filter>Source Files</Filter>
    </ClCompile>
    <ClCompile Include="AUD_Streamer.cpp">
      <Filter>Source Files</Filter>
    </ClCompile>
    <ClCompile Include="AUD_Time.cpp">
      <Filter>Source Files</Filter>
    </ClCompile>
    <ClCompile Include="AUD_Windows.cpp">
      <Filter>Source Files</Filter>
    </ClCompile>
    <ClCompile Include="Asimp3\Mp3api.cpp">
      <Filter>Asimp3</Filter>
    </ClCompile>
    <ClCompile Include="Asimp3\Mp3dec.cpp">
      <Filter>Asimp3</Filter>
    </ClCompile>
  </ItemGroup>
  <ItemGroup>
    <ClInclude Include="..\..\Include\WPAudio\Altypes.h">
      <Filter>Header Files</Filter>
    </ClInclude>
    <ClInclude Include="..\..\Include\WPAudio\Attributes.h">
      <Filter>Header Files</Filter>
    </ClInclude>
    <ClInclude Include="..\..\Include\WPAudio\Cache.h">
      <Filter>Header Files</Filter>
    </ClInclude>
    <ClInclude Include="..\..\Include\WPAudio\Channel.h">
      <Filter>Header Files</Filter>
    </ClInclude>
    <ClInclude Include="..\..\Include\WPAudio\Debug.h">
      <Filter>Header Files</Filter>
    </ClInclude>
    <ClInclude Include="..\..\Include\WPAudio\Defs.h">
      <Filter>Header Files</Filter>
    </ClInclude>
    <ClInclude Include="..\..\Include\WPAudio\Device.h">
      <Filter>Header Files</Filter>
    </ClInclude>
    <ClInclude Include="..\..\Include\WPAudio\Driver.h">
      <Filter>Header Files</Filter>
    </ClInclude>
    <ClInclude Include="..\..\Include\WPAudio\Errors.h">
      <Filter>Header Files</Filter>
    </ClInclude>
    <ClInclude Include="..\..\Include\WPAudio\Events.h">
      <Filter>Header Files</Filter>
    </ClInclude>
    <ClInclude Include="..\..\Include\WPAudio\Handle.h">
      <Filter>Header Files</Filter>
    </ClInclude>
    <ClInclude Include="..\..\Include\WPAudio\Level.h">
      <Filter>Header Files</Filter>
    </ClInclude>
    <ClInclude Include="..\..\Include\WPAudio\List.h">
      <Filter>Header Files</Filter>
    </ClInclude>
    <ClInclude Include="..\..\Include\WPAudio\Lock.h">
      <Filter>Header Files</Filter>
    </ClInclude>
    <ClInclude Include="..\..\Include\WPAudio\Memory.h">
      <Filter>Header Files</Filter>
    </ClInclude>
    <ClInclude Include="..\..\Include\WPAudio\Profiler.h">
      <Filter>Header Files</Filter>
    </ClInclude>
    <ClInclude Include="..\..\Include\WPAudio\Search.h">
      <Filter>Header Files</Filter>
    </ClInclude>
    <ClInclude Include="..\..\Include\WPAudio\Source.h">
      <Filter>Header Files</Filter>
    </ClInclude>
    <ClInclude Include="..\..\Include\WPAudio\StreamBuffering.h">
      <Filter>Header Files</Filter>
    </ClInclude>
    <ClInclude Include="..\..\Include\WPAudio\Streamer.h">
      <Filter>Header Files</Filter>
    </ClInclude>
    <ClInclude Include="..\..\Include\WPAudio\Thread.h">
      <Filter>Header Files</Filter>
    </ClInclude>
    <ClInclude Include="..\..\Include\WPAudio\Time.h">
      <Filter>Header Files</Filter>
    </ClInclude>
    <ClInclude Include="..\..\Include\WPAudio\Win32.h">
      <Filter>Header Files</Filter>
    </ClInclude>
    <ClInclude Include="Asimp3\Datatbl.h">
      <Filter>Asimp3</Filter>
    </ClInclude>
    <ClInclude Include="Asimp3\Imssapi.h">
      <Filter>Asimp3</Filter>
    </ClInclude>
    <ClInclude Include="Asimp3\Mp3dec.h">
      <Filter>Asimp3</Filter>
    </ClInclude>
    <ClInclude Include="Asimp3\Mss.h">
      <Filter>Asimp3</Filter>
    </ClInclude>
    <ClInclude Include="Asimp3\Mssasi.h">
      <Filter>Asimp3</Filter>
    </ClInclude>
    <ClInclude Include="Asimp3\Rib.h">
      <Filter>Asimp3</Filter>
    </ClInclude>
  </ItemGroup>
  <ItemGroup>
    <CustomBuild Include="Asimp3\Asimp3asm.asm">
      <Filter>Asimp3</Filter>
    </CustomBuild>
  </ItemGroup>
</Project>