<?xml version="1.0" encoding="utf-8"?>
<Project ToolsVersion="4.0" xmlns="http://schemas.microsoft.com/developer/msbuild/2003">
  <ItemGroup>
    <Filter Include="Source Files">
      <UniqueIdentifier>{c10ceabd-272b-4b90-92f4-e1f6f55f4926}</UniqueIdentifier>
      <Extensions>cpp;c;cxx;rc;def;r;odl;idl;hpj;bat</Extensions>
    </Filter>
    <Filter Include="Header Files">
      <UniqueIdentifier>{97a5566b-774f-4fcc-82f6-fd4321f0e61b}</UniqueIdentifier>
      <Extensions>h;hpp;hxx;hm;inl</Extensions>
    </Filter>
    <Filter Include="Resource Files">
      <UniqueIdentifier>{a5240f9f-3238-4a2c-ab0e-05349c587397}</UniqueIdentifier>
      <Extensions>ico;cur;bmp;dlg;rc2;rct;bin;rgs;gif;jpg;jpeg;jpe</Extensions>
    </Filter>
  </ItemGroup>
  <ItemGroup>
    <ClCompile Include="..\BFISH.CPP">
      <Filter>Source Files</Filter>
    </ClCompile>
    <ClCompile Include="DatGen.cpp">
      <Filter>Source Files</Filter>
    </ClCompile>
    <ClCompile Include="..\Toolkit\Debug\DebugPrint.cpp">
      <Filter>Source Files</Filter>
    </ClCompile>
  </ItemGroup>
  <ItemGroup>
    <ClInclude Include="..\BFISH.H">
      <Filter>Header Files</Filter>
    </ClInclude>
    <ClInclude Include="..\SafeDisk\CdaPfn.h">
      <Filter>Header Files</Filter>
    </ClInclude>
    <ClInclude Include="..\Toolkit\Debug\DebugPrint.h">
      <Filter>Header Files</Filter>
    </ClInclude>
  </ItemGroup>
</Project>