
Microsoft Visual Studio Solution File, Format Version 12.00
# Visual Studio Version 16
VisualStudioVersion = 16.0.35731.53
MinimumVisualStudioVersion = 10.0.40219.1
Project("{059D6162-CD51-11D0-AE1F-00A0C90FFFC3}") = "Benchmark", "LIBRARIES\SOURCE\Benchmark\Benchmark.dsp", "{1037F6E0-1B44-46CF-B9CC-C5B2D306FDC8}"
EndProject
Project("{8BC9CEB8-8B4A-11D0-8D11-00A0C91BC942}") = "Compress", "Tools\Compress\Compress.vcxproj", "{115F198D-2B4F-426A-AB7D-B6C15B65466C}"
EndProject
Project("{8BC9CEB8-8B4A-11D0-8D11-00A0C91BC942}") = "Compression", "Libraries\Source\Compression\Compression.vcxproj", "{7F44BAB3-1E35-4582-AC46-A8B0F57FCFF1}"
EndProject
Project("{8BC9CEB8-8B4A-11D0-8D11-00A0C91BC942}") = "DatGen", "Tools\Launcher\DatGen\DatGen.vcxproj", "{6FC27882-5842-4299-B7E1-3E79702D5402}"
EndProject
Project("{8BC9CEB8-8B4A-11D0-8D11-00A0C91BC942}") = "DebugWindow", "Tools\DebugWindow\DebugWindow.vcxproj", "{9E6DA4A4-A61C-4D9A-A76A-90063C91EA8B}"
EndProject
Project("{8BC9CEB8-8B4A-11D0-8D11-00A0C91BC942}") = "EABrowserDispatch", "Libraries\Source\EABrowserDispatch\EABrowserDispatch.vcxproj", "{469C65D6-DF25-48C9-9BC2-3C8BD45BA407}"
EndProject
Project("{8BC9CEB8-8B4A-11D0-8D11-00A0C91BC942}") = "GUIEdit", "Tools\GUIEdit\GUIEdit.vcxproj", "{F1E92195-E6AC-46F1-8C46-4E8EE277EA14}"
EndProject
Project("{8BC9CEB8-8B4A-11D0-8D11-00A0C91BC942}") = "GameEngine", "GameEngine\GameEngine.vcxproj", "{B79FA8E9-EEC8-417E-A8C1-14FB1987F791}"
EndProject
Project("{8BC9CEB8-8B4A-11D0-8D11-00A0C91BC942}") = "GameEngineDevice", "GameEngineDevice\GameEngineDevice.vcxproj", "{923ACD1D-278B-4429-9C43-29B2A1F496FE}"
EndProject
Project("{059D6162-CD51-11D0-AE1F-00A0C90FFFC3}") = "GameSpyHTTP", "Libraries\Source\GameSpy\GameSpy\ghttp\GameSpyHTTP.dsp", "{B353DCA1-0701-40C7-8504-FCF1E5974737}"
EndProject
Project("{059D6162-CD51-11D0-AE1F-00A0C90FFFC3}") = "GameSpyPatching", "Libraries\Source\GameSpy\GameSpy\pt\GameSpyPatching.dsp", "{0AAD8B33-7F3B-47A4-830D-C1C054D12908}"
EndProject
Project("{059D6162-CD51-11D0-AE1F-00A0C90FFFC3}") = "GameSpyPeer", "Libraries\Source\GameSpy\GameSpy\peer\GameSpyPeer.dsp", "{E2B77B0B-B24A-470D-8007-B9415C6AB5C7}"
EndProject
Project("{059D6162-CD51-11D0-AE1F-00A0C90FFFC3}") = "GameSpyPresence", "Libraries\Source\GameSpy\GameSpy\gp\GameSpyPresence.dsp", "{766F4914-FF12-4B5F-84E4-234E97A436F9}"
EndProject
Project("{059D6162-CD51-11D0-AE1F-00A0C90FFFC3}") = "GameSpyStats", "Libraries\Source\GameSpy\GameSpy\gstats\GameSpyStats.dsp", "{DB6BCDB3-1538-4A3B-BE58-9619E345A7DD}"
EndProject
Project("{8BC9CEB8-8B4A-11D0-8D11-00A0C91BC942}") = "ImagePacker", "Tools\ImagePacker\ImagePacker.vcxproj", "{2D7D8B5D-B2C5-44EA-8AE2-ED33F88080C0}"
EndProject
Project("{8BC9CEB8-8B4A-11D0-8D11-00A0C91BC942}") = "MapCacheBuilder", "Tools\MapCacheBuilder\MapCacheBuilder.vcxproj", "{E3DA124E-9E96-4055-B4A3-52EB9B4C6130}"
EndProject
Project("{8BC9CEB8-8B4A-11D0-8D11-00A0C91BC942}") = "ParticleEditor", "Tools\ParticleEditor\ParticleEditor.vcxproj", "{3B64713B-F9FC-4B59-B52D-74EB38EB1AF0}"
EndProject
Project("{8BC9CEB8-8B4A-11D0-8D11-00A0C91BC942}") = "RTS", "RTS.vcxproj", "{39C4109E-E8F2-4D39-8E9A-60D63C1D4082}"
EndProject
Project("{8BC9CEB8-8B4A-11D0-8D11-00A0C91BC942}") = "WWDownload", "Libraries\Source\WWVegas\WWDownload\WWDownload.vcxproj", "{9F5A741D-C7AD-4418-8FDB-49A84914F8A6}"
EndProject
Project("{8BC9CEB8-8B4A-11D0-8D11-00A0C91BC942}") = "WorldBuilder", "Tools\WorldBuilder\WorldBuilder.vcxproj", "{49D3DD08-A14E-439A-B436-B55C7A08635B}"
EndProject
Project("{8BC9CEB8-8B4A-11D0-8D11-00A0C91BC942}") = "buildVersionUpdate", "Tools\buildVersionUpdate\buildVersionUpdate.vcxproj", "{1F2971BC-84F6-4E77-8A08-6759634C2F66}"
EndProject
Project("{8BC9CEB8-8B4A-11D0-8D11-00A0C91BC942}") = "launcher", "Tools\Launcher\launcher.vcxproj", "{7D166F02-AB76-4529-B80D-E66E74741AA7}"
EndProject
Project("{8BC9CEB8-8B4A-11D0-8D11-00A0C91BC942}") = "max2w3d", "Tools\WW3D\max2w3d\max2w3d.vcxproj", "{A7345179-5B56-4C22-9335-44180C255A79}"
EndProject
Project("{8BC9CEB8-8B4A-11D0-8D11-00A0C91BC942}") = "pluglib", "Tools\WW3D\pluglib\pluglib.vcxproj", "{B7ECE598-8420-4D9A-B0A3-3956726EBA34}"
EndProject
Project("{8BC9CEB8-8B4A-11D0-8D11-00A0C91BC942}") = "textureCompress", "Tools\textureCompress\textureCompress.vcxproj", "{3D6B853C-562B-4E7C-A0BF-D24C3F9A2504}"
EndProject
Project("{8BC9CEB8-8B4A-11D0-8D11-00A0C91BC942}") = "versionUpdate", "Tools\versionUpdate\versionUpdate.vcxproj", "{AB29AAE4-E6D8-4890-A600-30522D8A57CE}"
EndProject
Project("{8BC9CEB8-8B4A-11D0-8D11-00A0C91BC942}") = "ww3d2", "Libraries\Source\WWVegas\WW3D2\ww3d2.vcxproj", "{D0CDCA71-72EB-48EB-8CF1-4E70B33A6DB1}"
EndProject
Project("{8BC9CEB8-8B4A-11D0-8D11-00A0C91BC942}") = "wwdebug", "Libraries\Source\WWVegas\WWDebug\wwdebug.vcxproj", "{A28F173E-57A4-42D8-80E4-549BFFB5BDF1}"
EndProject
Project("{8BC9CEB8-8B4A-11D0-8D11-00A0C91BC942}") = "wwlib", "Libraries\Source\WWVegas\WWLib\wwlib.vcxproj", "{2E3DFA46-CFC3-4470-A1E1-E8B0E7082237}"
EndProject
Project("{8BC9CEB8-8B4A-11D0-8D11-00A0C91BC942}") = "wwmath", "Libraries\Source\WWVegas\WWMath\wwmath.vcxproj", "{C6800BBD-6F3C-4DB0-A82E-B348A819C8FF}"
EndProject
Project("{8BC9CEB8-8B4A-11D0-8D11-00A0C91BC942}") = "wwsaveload", "Libraries\Source\WWVegas\WWSaveLoad\wwsaveload.vcxproj", "{5A00C199-96E2-4F30-AA93-F51C72F11DB5}"
EndProject
Project("{8BC9CEB8-8B4A-11D0-8D11-00A0C91BC942}") = "wwutil", "Libraries\Source\WWVegas\Wwutil\wwutil.vcxproj", "{F49DEBA1-796E-41C3-971A-8ABD08572674}"
EndProject
Global
	GlobalSection(SolutionConfigurationPlatforms) = preSolution
		Debug|x86 = Debug|x86
		DebugE|x86 = DebugE|x86
		Hybrid|x86 = Hybrid|x86
		Internal|x86 = Internal|x86
		Max4Hybrid|x86 = Max4Hybrid|x86
		Max4Release|x86 = Max4Release|x86
		Profile|x86 = Profile|x86
		ProfileE|x86 = ProfileE|x86
		Release|x86 = Release|x86
		Template|x86 = Template|x86
	EndGlobalSection
	GlobalSection(ProjectConfigurationPlatforms) = postSolution
		{115F198D-2B4F-426A-AB7D-B6C15B65466C}.Debug|x86.ActiveCfg = Debug|Win32
		{115F198D-2B4F-426A-AB7D-B6C15B65466C}.Debug|x86.Build.0 = Debug|Win32
		{115F198D-2B4F-426A-AB7D-B6C15B65466C}.DebugE|x86.ActiveCfg = Debug|Win32
		{115F198D-2B4F-426A-AB7D-B6C15B65466C}.DebugE|x86.Build.0 = Debug|Win32
		{115F198D-2B4F-426A-AB7D-B6C15B65466C}.Hybrid|x86.ActiveCfg = Debug|Win32
		{115F198D-2B4F-426A-AB7D-B6C15B65466C}.Hybrid|x86.Build.0 = Debug|Win32
		{115F198D-2B4F-426A-AB7D-B6C15B65466C}.Internal|x86.ActiveCfg = Debug|Win32
		{115F198D-2B4F-426A-AB7D-B6C15B65466C}.Internal|x86.Build.0 = Debug|Win32
		{115F198D-2B4F-426A-AB7D-B6C15B65466C}.Max4Hybrid|x86.ActiveCfg = Debug|Win32
		{115F198D-2B4F-426A-AB7D-B6C15B65466C}.Max4Hybrid|x86.Build.0 = Debug|Win32
		{115F198D-2B4F-426A-AB7D-B6C15B65466C}.Max4Release|x86.ActiveCfg = Release|Win32
		{115F198D-2B4F-426A-AB7D-B6C15B65466C}.Max4Release|x86.Build.0 = Release|Win32
		{115F198D-2B4F-426A-AB7D-B6C15B65466C}.Profile|x86.ActiveCfg = Debug|Win32
		{115F198D-2B4F-426A-AB7D-B6C15B65466C}.Profile|x86.Build.0 = Debug|Win32
		{115F198D-2B4F-426A-AB7D-B6C15B65466C}.ProfileE|x86.ActiveCfg = Debug|Win32
		{115F198D-2B4F-426A-AB7D-B6C15B65466C}.ProfileE|x86.Build.0 = Debug|Win32
		{115F198D-2B4F-426A-AB7D-B6C15B65466C}.Release|x86.ActiveCfg = Release|Win32
		{115F198D-2B4F-426A-AB7D-B6C15B65466C}.Release|x86.Build.0 = Release|Win32
		{115F198D-2B4F-426A-AB7D-B6C15B65466C}.Template|x86.ActiveCfg = Debug|Win32
		{115F198D-2B4F-426A-AB7D-B6C15B65466C}.Template|x86.Build.0 = Debug|Win32
		{7F44BAB3-1E35-4582-AC46-A8B0F57FCFF1}.Debug|x86.ActiveCfg = Debug|Win32
		{7F44BAB3-1E35-4582-AC46-A8B0F57FCFF1}.Debug|x86.Build.0 = Debug|Win32
		{7F44BAB3-1E35-4582-AC46-A8B0F57FCFF1}.DebugE|x86.ActiveCfg = Debug|Win32
		{7F44BAB3-1E35-4582-AC46-A8B0F57FCFF1}.DebugE|x86.Build.0 = Debug|Win32
		{7F44BAB3-1E35-4582-AC46-A8B0F57FCFF1}.Hybrid|x86.ActiveCfg = Debug|Win32
		{7F44BAB3-1E35-4582-AC46-A8B0F57FCFF1}.Hybrid|x86.Build.0 = Debug|Win32
		{7F44BAB3-1E35-4582-AC46-A8B0F57FCFF1}.Internal|x86.ActiveCfg = Internal|Win32
		{7F44BAB3-1E35-4582-AC46-A8B0F57FCFF1}.Internal|x86.Build.0 = Internal|Win32
		{7F44BAB3-1E35-4582-AC46-A8B0F57FCFF1}.Max4Hybrid|x86.ActiveCfg = Debug|Win32
		{7F44BAB3-1E35-4582-AC46-A8B0F57FCFF1}.Max4Hybrid|x86.Build.0 = Debug|Win32
		{7F44BAB3-1E35-4582-AC46-A8B0F57FCFF1}.Max4Release|x86.ActiveCfg = Release|Win32
		{7F44BAB3-1E35-4582-AC46-A8B0F57FCFF1}.Max4Release|x86.Build.0 = Release|Win32
		{7F44BAB3-1E35-4582-AC46-A8B0F57FCFF1}.Profile|x86.ActiveCfg = Debug|Win32
		{7F44BAB3-1E35-4582-AC46-A8B0F57FCFF1}.Profile|x86.Build.0 = Debug|Win32
		{7F44BAB3-1E35-4582-AC46-A8B0F57FCFF1}.ProfileE|x86.ActiveCfg = Debug|Win32
		{7F44BAB3-1E35-4582-AC46-A8B0F57FCFF1}.ProfileE|x86.Build.0 = Debug|Win32
		{7F44BAB3-1E35-4582-AC46-A8B0F57FCFF1}.Release|x86.ActiveCfg = Release|Win32
		{7F44BAB3-1E35-4582-AC46-A8B0F57FCFF1}.Release|x86.Build.0 = Release|Win32
		{7F44BAB3-1E35-4582-AC46-A8B0F57FCFF1}.Template|x86.ActiveCfg = Template|Win32
		{7F44BAB3-1E35-4582-AC46-A8B0F57FCFF1}.Template|x86.Build.0 = Template|Win32
		{6FC27882-5842-4299-B7E1-3E79702D5402}.Debug|x86.ActiveCfg = Debug|Win32
		{6FC27882-5842-4299-B7E1-3E79702D5402}.Debug|x86.Build.0 = Debug|Win32
		{6FC27882-5842-4299-B7E1-3E79702D5402}.DebugE|x86.ActiveCfg = Debug|Win32
		{6FC27882-5842-4299-B7E1-3E79702D5402}.DebugE|x86.Build.0 = Debug|Win32
		{6FC27882-5842-4299-B7E1-3E79702D5402}.Hybrid|x86.ActiveCfg = Debug|Win32
		{6FC27882-5842-4299-B7E1-3E79702D5402}.Hybrid|x86.Build.0 = Debug|Win32
		{6FC27882-5842-4299-B7E1-3E79702D5402}.Internal|x86.ActiveCfg = Debug|Win32
		{6FC27882-5842-4299-B7E1-3E79702D5402}.Internal|x86.Build.0 = Debug|Win32
		{6FC27882-5842-4299-B7E1-3E79702D5402}.Max4Hybrid|x86.ActiveCfg = Debug|Win32
		{6FC27882-5842-4299-B7E1-3E79702D5402}.Max4Hybrid|x86.Build.0 = Debug|Win32
		{6FC27882-5842-4299-B7E1-3E79702D5402}.Max4Release|x86.ActiveCfg = Release|Win32
		{6FC27882-5842-4299-B7E1-3E79702D5402}.Max4Release|x86.Build.0 = Release|Win32
		{6FC27882-5842-4299-B7E1-3E79702D5402}.Profile|x86.ActiveCfg = Debug|Win32
		{6FC27882-5842-4299-B7E1-3E79702D5402}.Profile|x86.Build.0 = Debug|Win32
		{6FC27882-5842-4299-B7E1-3E79702D5402}.ProfileE|x86.ActiveCfg = Debug|Win32
		{6FC27882-5842-4299-B7E1-3E79702D5402}.ProfileE|x86.Build.0 = Debug|Win32
		{6FC27882-5842-4299-B7E1-3E79702D5402}.Release|x86.ActiveCfg = Release|Win32
		{6FC27882-5842-4299-B7E1-3E79702D5402}.Release|x86.Build.0 = Release|Win32
		{6FC27882-5842-4299-B7E1-3E79702D5402}.Template|x86.ActiveCfg = Template|Win32
		{6FC27882-5842-4299-B7E1-3E79702D5402}.Template|x86.Build.0 = Template|Win32
		{9E6DA4A4-A61C-4D9A-A76A-90063C91EA8B}.Debug|x86.ActiveCfg = Debug|Win32
		{9E6DA4A4-A61C-4D9A-A76A-90063C91EA8B}.Debug|x86.Build.0 = Debug|Win32
		{9E6DA4A4-A61C-4D9A-A76A-90063C91EA8B}.DebugE|x86.ActiveCfg = Debug|Win32
		{9E6DA4A4-A61C-4D9A-A76A-90063C91EA8B}.DebugE|x86.Build.0 = Debug|Win32
		{9E6DA4A4-A61C-4D9A-A76A-90063C91EA8B}.Hybrid|x86.ActiveCfg = Debug|Win32
		{9E6DA4A4-A61C-4D9A-A76A-90063C91EA8B}.Hybrid|x86.Build.0 = Debug|Win32
		{9E6DA4A4-A61C-4D9A-A76A-90063C91EA8B}.Internal|x86.ActiveCfg = Debug|Win32
		{9E6DA4A4-A61C-4D9A-A76A-90063C91EA8B}.Internal|x86.Build.0 = Debug|Win32
		{9E6DA4A4-A61C-4D9A-A76A-90063C91EA8B}.Max4Hybrid|x86.ActiveCfg = Debug|Win32
		{9E6DA4A4-A61C-4D9A-A76A-90063C91EA8B}.Max4Hybrid|x86.Build.0 = Debug|Win32
		{9E6DA4A4-A61C-4D9A-A76A-90063C91EA8B}.Max4Release|x86.ActiveCfg = Release|Win32
		{9E6DA4A4-A61C-4D9A-A76A-90063C91EA8B}.Max4Release|x86.Build.0 = Release|Win32
		{9E6DA4A4-A61C-4D9A-A76A-90063C91EA8B}.Profile|x86.ActiveCfg = Debug|Win32
		{9E6DA4A4-A61C-4D9A-A76A-90063C91EA8B}.Profile|x86.Build.0 = Debug|Win32
		{9E6DA4A4-A61C-4D9A-A76A-90063C91EA8B}.ProfileE|x86.ActiveCfg = Debug|Win32
		{9E6DA4A4-A61C-4D9A-A76A-90063C91EA8B}.ProfileE|x86.Build.0 = Debug|Win32
		{9E6DA4A4-A61C-4D9A-A76A-90063C91EA8B}.Release|x86.ActiveCfg = Release|Win32
		{9E6DA4A4-A61C-4D9A-A76A-90063C91EA8B}.Release|x86.Build.0 = Release|Win32
		{9E6DA4A4-A61C-4D9A-A76A-90063C91EA8B}.Template|x86.ActiveCfg = Template|Win32
		{9E6DA4A4-A61C-4D9A-A76A-90063C91EA8B}.Template|x86.Build.0 = Template|Win32
		{469C65D6-DF25-48C9-9BC2-3C8BD45BA407}.Debug|x86.ActiveCfg = Debug|Win32
		{469C65D6-DF25-48C9-9BC2-3C8BD45BA407}.Debug|x86.Build.0 = Debug|Win32
		{469C65D6-DF25-48C9-9BC2-3C8BD45BA407}.DebugE|x86.ActiveCfg = Debug|Win32
		{469C65D6-DF25-48C9-9BC2-3C8BD45BA407}.DebugE|x86.Build.0 = Debug|Win32
		{469C65D6-DF25-48C9-9BC2-3C8BD45BA407}.Hybrid|x86.ActiveCfg = Debug|Win32
		{469C65D6-DF25-48C9-9BC2-3C8BD45BA407}.Hybrid|x86.Build.0 = Debug|Win32
		{469C65D6-DF25-48C9-9BC2-3C8BD45BA407}.Internal|x86.ActiveCfg = Internal|Win32
		{469C65D6-DF25-48C9-9BC2-3C8BD45BA407}.Internal|x86.Build.0 = Internal|Win32
		{469C65D6-DF25-48C9-9BC2-3C8BD45BA407}.Max4Hybrid|x86.ActiveCfg = Debug|Win32
		{469C65D6-DF25-48C9-9BC2-3C8BD45BA407}.Max4Hybrid|x86.Build.0 = Debug|Win32
		{469C65D6-DF25-48C9-9BC2-3C8BD45BA407}.Max4Release|x86.ActiveCfg = Release|Win32
		{469C65D6-DF25-48C9-9BC2-3C8BD45BA407}.Max4Release|x86.Build.0 = Release|Win32
		{469C65D6-DF25-48C9-9BC2-3C8BD45BA407}.Profile|x86.ActiveCfg = Debug|Win32
		{469C65D6-DF25-48C9-9BC2-3C8BD45BA407}.Profile|x86.Build.0 = Debug|Win32
		{469C65D6-DF25-48C9-9BC2-3C8BD45BA407}.ProfileE|x86.ActiveCfg = Debug|Win32
		{469C65D6-DF25-48C9-9BC2-3C8BD45BA407}.ProfileE|x86.Build.0 = Debug|Win32
		{469C65D6-DF25-48C9-9BC2-3C8BD45BA407}.Release|x86.ActiveCfg = Release|Win32
		{469C65D6-DF25-48C9-9BC2-3C8BD45BA407}.Release|x86.Build.0 = Release|Win32
		{469C65D6-DF25-48C9-9BC2-3C8BD45BA407}.Template|x86.ActiveCfg = Template|Win32
		{469C65D6-DF25-48C9-9BC2-3C8BD45BA407}.Template|x86.Build.0 = Template|Win32
		{F1E92195-E6AC-46F1-8C46-4E8EE277EA14}.Debug|x86.ActiveCfg = Debug|Win32
		{F1E92195-E6AC-46F1-8C46-4E8EE277EA14}.Debug|x86.Build.0 = Debug|Win32
		{F1E92195-E6AC-46F1-8C46-4E8EE277EA14}.DebugE|x86.ActiveCfg = Debug|Win32
		{F1E92195-E6AC-46F1-8C46-4E8EE277EA14}.DebugE|x86.Build.0 = Debug|Win32
		{F1E92195-E6AC-46F1-8C46-4E8EE277EA14}.Hybrid|x86.ActiveCfg = Debug|Win32
		{F1E92195-E6AC-46F1-8C46-4E8EE277EA14}.Hybrid|x86.Build.0 = Debug|Win32
		{F1E92195-E6AC-46F1-8C46-4E8EE277EA14}.Internal|x86.ActiveCfg = Internal|Win32
		{F1E92195-E6AC-46F1-8C46-4E8EE277EA14}.Internal|x86.Build.0 = Internal|Win32
		{F1E92195-E6AC-46F1-8C46-4E8EE277EA14}.Max4Hybrid|x86.ActiveCfg = Debug|Win32
		{F1E92195-E6AC-46F1-8C46-4E8EE277EA14}.Max4Hybrid|x86.Build.0 = Debug|Win32
		{F1E92195-E6AC-46F1-8C46-4E8EE277EA14}.Max4Release|x86.ActiveCfg = Release|Win32
		{F1E92195-E6AC-46F1-8C46-4E8EE277EA14}.Max4Release|x86.Build.0 = Release|Win32
		{F1E92195-E6AC-46F1-8C46-4E8EE277EA14}.Profile|x86.ActiveCfg = Debug|Win32
		{F1E92195-E6AC-46F1-8C46-4E8EE277EA14}.Profile|x86.Build.0 = Debug|Win32
		{F1E92195-E6AC-46F1-8C46-4E8EE277EA14}.ProfileE|x86.ActiveCfg = Debug|Win32
		{F1E92195-E6AC-46F1-8C46-4E8EE277EA14}.ProfileE|x86.Build.0 = Debug|Win32
		{F1E92195-E6AC-46F1-8C46-4E8EE277EA14}.Release|x86.ActiveCfg = Release|Win32
		{F1E92195-E6AC-46F1-8C46-4E8EE277EA14}.Release|x86.Build.0 = Release|Win32
		{F1E92195-E6AC-46F1-8C46-4E8EE277EA14}.Template|x86.ActiveCfg = Template|Win32
		{F1E92195-E6AC-46F1-8C46-4E8EE277EA14}.Template|x86.Build.0 = Template|Win32
		{B79FA8E9-EEC8-417E-A8C1-14FB1987F791}.Debug|x86.ActiveCfg = Debug|Win32
		{B79FA8E9-EEC8-417E-A8C1-14FB1987F791}.Debug|x86.Build.0 = Debug|Win32
		{B79FA8E9-EEC8-417E-A8C1-14FB1987F791}.DebugE|x86.ActiveCfg = Debug|Win32
		{B79FA8E9-EEC8-417E-A8C1-14FB1987F791}.DebugE|x86.Build.0 = Debug|Win32
		{B79FA8E9-EEC8-417E-A8C1-14FB1987F791}.Hybrid|x86.ActiveCfg = Debug|Win32
		{B79FA8E9-EEC8-417E-A8C1-14FB1987F791}.Hybrid|x86.Build.0 = Debug|Win32
		{B79FA8E9-EEC8-417E-A8C1-14FB1987F791}.Internal|x86.ActiveCfg = Internal|Win32
		{B79FA8E9-EEC8-417E-A8C1-14FB1987F791}.Internal|x86.Build.0 = Internal|Win32
		{B79FA8E9-EEC8-417E-A8C1-14FB1987F791}.Max4Hybrid|x86.ActiveCfg = Debug|Win32
		{B79FA8E9-EEC8-417E-A8C1-14FB1987F791}.Max4Hybrid|x86.Build.0 = Debug|Win32
		{B79FA8E9-EEC8-417E-A8C1-14FB1987F791}.Max4Release|x86.ActiveCfg = Release|Win32
		{B79FA8E9-EEC8-417E-A8C1-14FB1987F791}.Max4Release|x86.Build.0 = Release|Win32
		{B79FA8E9-EEC8-417E-A8C1-14FB1987F791}.Profile|x86.ActiveCfg = Debug|Win32
		{B79FA8E9-EEC8-417E-A8C1-14FB1987F791}.Profile|x86.Build.0 = Debug|Win32
		{B79FA8E9-EEC8-417E-A8C1-14FB1987F791}.ProfileE|x86.ActiveCfg = Debug|Win32
		{B79FA8E9-EEC8-417E-A8C1-14FB1987F791}.ProfileE|x86.Build.0 = Debug|Win32
		{B79FA8E9-EEC8-417E-A8C1-14FB1987F791}.Release|x86.ActiveCfg = Release|Win32
		{B79FA8E9-EEC8-417E-A8C1-14FB1987F791}.Release|x86.Build.0 = Release|Win32
		{B79FA8E9-EEC8-417E-A8C1-14FB1987F791}.Template|x86.ActiveCfg = Template|Win32
		{B79FA8E9-EEC8-417E-A8C1-14FB1987F791}.Template|x86.Build.0 = Template|Win32
		{923ACD1D-278B-4429-9C43-29B2A1F496FE}.Debug|x86.ActiveCfg = Debug|Win32
		{923ACD1D-278B-4429-9C43-29B2A1F496FE}.Debug|x86.Build.0 = Debug|Win32
		{923ACD1D-278B-4429-9C43-29B2A1F496FE}.DebugE|x86.ActiveCfg = Debug|Win32
		{923ACD1D-278B-4429-9C43-29B2A1F496FE}.DebugE|x86.Build.0 = Debug|Win32
		{923ACD1D-278B-4429-9C43-29B2A1F496FE}.Hybrid|x86.ActiveCfg = Debug|Win32
		{923ACD1D-278B-4429-9C43-29B2A1F496FE}.Hybrid|x86.Build.0 = Debug|Win32
		{923ACD1D-278B-4429-9C43-29B2A1F496FE}.Internal|x86.ActiveCfg = Internal|Win32
		{923ACD1D-278B-4429-9C43-29B2A1F496FE}.Internal|x86.Build.0 = Internal|Win32
		{923ACD1D-278B-4429-9C43-29B2A1F496FE}.Max4Hybrid|x86.ActiveCfg = Debug|Win32
		{923ACD1D-278B-4429-9C43-29B2A1F496FE}.Max4Hybrid|x86.Build.0 = Debug|Win32
		{923ACD1D-278B-4429-9C43-29B2A1F496FE}.Max4Release|x86.ActiveCfg = Release|Win32
		{923ACD1D-278B-4429-9C43-29B2A1F496FE}.Max4Release|x86.Build.0 = Release|Win32
		{923ACD1D-278B-4429-9C43-29B2A1F496FE}.Profile|x86.ActiveCfg = Debug|Win32
		{923ACD1D-278B-4429-9C43-29B2A1F496FE}.Profile|x86.Build.0 = Debug|Win32
		{923ACD1D-278B-4429-9C43-29B2A1F496FE}.ProfileE|x86.ActiveCfg = Debug|Win32
		{923ACD1D-278B-4429-9C43-29B2A1F496FE}.ProfileE|x86.Build.0 = Debug|Win32
		{923ACD1D-278B-4429-9C43-29B2A1F496FE}.Release|x86.ActiveCfg = Release|Win32
		{923ACD1D-278B-4429-9C43-29B2A1F496FE}.Release|x86.Build.0 = Release|Win32
		{923ACD1D-278B-4429-9C43-29B2A1F496FE}.Template|x86.ActiveCfg = Template|Win32
		{923ACD1D-278B-4429-9C43-29B2A1F496FE}.Template|x86.Build.0 = Template|Win32
		{2D7D8B5D-B2C5-44EA-8AE2-ED33F88080C0}.Debug|x86.ActiveCfg = Debug|Win32
		{2D7D8B5D-B2C5-44EA-8AE2-ED33F88080C0}.Debug|x86.Build.0 = Debug|Win32
		{2D7D8B5D-B2C5-44EA-8AE2-ED33F88080C0}.DebugE|x86.ActiveCfg = Debug|Win32
		{2D7D8B5D-B2C5-44EA-8AE2-ED33F88080C0}.DebugE|x86.Build.0 = Debug|Win32
		{2D7D8B5D-B2C5-44EA-8AE2-ED33F88080C0}.Hybrid|x86.ActiveCfg = Debug|Win32
		{2D7D8B5D-B2C5-44EA-8AE2-ED33F88080C0}.Hybrid|x86.Build.0 = Debug|Win32
		{2D7D8B5D-B2C5-44EA-8AE2-ED33F88080C0}.Internal|x86.ActiveCfg = Internal|Win32
		{2D7D8B5D-B2C5-44EA-8AE2-ED33F88080C0}.Internal|x86.Build.0 = Internal|Win32
		{2D7D8B5D-B2C5-44EA-8AE2-ED33F88080C0}.Max4Hybrid|x86.ActiveCfg = Debug|Win32
		{2D7D8B5D-B2C5-44EA-8AE2-ED33F88080C0}.Max4Hybrid|x86.Build.0 = Debug|Win32
		{2D7D8B5D-B2C5-44EA-8AE2-ED33F88080C0}.Max4Release|x86.ActiveCfg = Release|Win32
		{2D7D8B5D-B2C5-44EA-8AE2-ED33F88080C0}.Max4Release|x86.Build.0 = Release|Win32
		{2D7D8B5D-B2C5-44EA-8AE2-ED33F88080C0}.Profile|x86.ActiveCfg = Debug|Win32
		{2D7D8B5D-B2C5-44EA-8AE2-ED33F88080C0}.Profile|x86.Build.0 = Debug|Win32
		{2D7D8B5D-B2C5-44EA-8AE2-ED33F88080C0}.ProfileE|x86.ActiveCfg = Debug|Win32
		{2D7D8B5D-B2C5-44EA-8AE2-ED33F88080C0}.ProfileE|x86.Build.0 = Debug|Win32
		{2D7D8B5D-B2C5-44EA-8AE2-ED33F88080C0}.Release|x86.ActiveCfg = Release|Win32
		{2D7D8B5D-B2C5-44EA-8AE2-ED33F88080C0}.Release|x86.Build.0 = Release|Win32
		{2D7D8B5D-B2C5-44EA-8AE2-ED33F88080C0}.Template|x86.ActiveCfg = Template|Win32
		{2D7D8B5D-B2C5-44EA-8AE2-ED33F88080C0}.Template|x86.Build.0 = Template|Win32
		{E3DA124E-9E96-4055-B4A3-52EB9B4C6130}.Debug|x86.ActiveCfg = Debug|Win32
		{E3DA124E-9E96-4055-B4A3-52EB9B4C6130}.Debug|x86.Build.0 = Debug|Win32
		{E3DA124E-9E96-4055-B4A3-52EB9B4C6130}.DebugE|x86.ActiveCfg = Debug|Win32
		{E3DA124E-9E96-4055-B4A3-52EB9B4C6130}.DebugE|x86.Build.0 = Debug|Win32
		{E3DA124E-9E96-4055-B4A3-52EB9B4C6130}.Hybrid|x86.ActiveCfg = Debug|Win32
		{E3DA124E-9E96-4055-B4A3-52EB9B4C6130}.Hybrid|x86.Build.0 = Debug|Win32
		{E3DA124E-9E96-4055-B4A3-52EB9B4C6130}.Internal|x86.ActiveCfg = Internal|Win32
		{E3DA124E-9E96-4055-B4A3-52EB9B4C6130}.Internal|x86.Build.0 = Internal|Win32
		{E3DA124E-9E96-4055-B4A3-52EB9B4C6130}.Max4Hybrid|x86.ActiveCfg = Debug|Win32
		{E3DA124E-9E96-4055-B4A3-52EB9B4C6130}.Max4Hybrid|x86.Build.0 = Debug|Win32
		{E3DA124E-9E96-4055-B4A3-52EB9B4C6130}.Max4Release|x86.ActiveCfg = Release|Win32
		{E3DA124E-9E96-4055-B4A3-52EB9B4C6130}.Max4Release|x86.Build.0 = Release|Win32
		{E3DA124E-9E96-4055-B4A3-52EB9B4C6130}.Profile|x86.ActiveCfg = Debug|Win32
		{E3DA124E-9E96-4055-B4A3-52EB9B4C6130}.Profile|x86.Build.0 = Debug|Win32
		{E3DA124E-9E96-4055-B4A3-52EB9B4C6130}.ProfileE|x86.ActiveCfg = Debug|Win32
		{E3DA124E-9E96-4055-B4A3-52EB9B4C6130}.ProfileE|x86.Build.0 = Debug|Win32
		{E3DA124E-9E96-4055-B4A3-52EB9B4C6130}.Release|x86.ActiveCfg = Release|Win32
		{E3DA124E-9E96-4055-B4A3-52EB9B4C6130}.Release|x86.Build.0 = Release|Win32
		{E3DA124E-9E96-4055-B4A3-52EB9B4C6130}.Template|x86.ActiveCfg = Template|Win32
		{E3DA124E-9E96-4055-B4A3-52EB9B4C6130}.Template|x86.Build.0 = Template|Win32
		{3B64713B-F9FC-4B59-B52D-74EB38EB1AF0}.Debug|x86.ActiveCfg = Debug|Win32
		{3B64713B-F9FC-4B59-B52D-74EB38EB1AF0}.Debug|x86.Build.0 = Debug|Win32
		{3B64713B-F9FC-4B59-B52D-74EB38EB1AF0}.DebugE|x86.ActiveCfg = Debug|Win32
		{3B64713B-F9FC-4B59-B52D-74EB38EB1AF0}.DebugE|x86.Build.0 = Debug|Win32
		{3B64713B-F9FC-4B59-B52D-74EB38EB1AF0}.Hybrid|x86.ActiveCfg = Debug|Win32
		{3B64713B-F9FC-4B59-B52D-74EB38EB1AF0}.Hybrid|x86.Build.0 = Debug|Win32
		{3B64713B-F9FC-4B59-B52D-74EB38EB1AF0}.Internal|x86.ActiveCfg = Debug|Win32
		{3B64713B-F9FC-4B59-B52D-74EB38EB1AF0}.Internal|x86.Build.0 = Debug|Win32
		{3B64713B-F9FC-4B59-B52D-74EB38EB1AF0}.Max4Hybrid|x86.ActiveCfg = Debug|Win32
		{3B64713B-F9FC-4B59-B52D-74EB38EB1AF0}.Max4Hybrid|x86.Build.0 = Debug|Win32
		{3B64713B-F9FC-4B59-B52D-74EB38EB1AF0}.Max4Release|x86.ActiveCfg = Release|Win32
		{3B64713B-F9FC-4B59-B52D-74EB38EB1AF0}.Max4Release|x86.Build.0 = Release|Win32
		{3B64713B-F9FC-4B59-B52D-74EB38EB1AF0}.Profile|x86.ActiveCfg = Debug|Win32
		{3B64713B-F9FC-4B59-B52D-74EB38EB1AF0}.Profile|x86.Build.0 = Debug|Win32
		{3B64713B-F9FC-4B59-B52D-74EB38EB1AF0}.ProfileE|x86.ActiveCfg = Debug|Win32
		{3B64713B-F9FC-4B59-B52D-74EB38EB1AF0}.ProfileE|x86.Build.0 = Debug|Win32
		{3B64713B-F9FC-4B59-B52D-74EB38EB1AF0}.Release|x86.ActiveCfg = Release|Win32
		{3B64713B-F9FC-4B59-B52D-74EB38EB1AF0}.Release|x86.Build.0 = Release|Win32
		{3B64713B-F9FC-4B59-B52D-74EB38EB1AF0}.Template|x86.ActiveCfg = Template|Win32
		{3B64713B-F9FC-4B59-B52D-74EB38EB1AF0}.Template|x86.Build.0 = Template|Win32
		{39C4109E-E8F2-4D39-8E9A-60D63C1D4082}.Debug|x86.ActiveCfg = Debug|Win32
		{39C4109E-E8F2-4D39-8E9A-60D63C1D4082}.Debug|x86.Build.0 = Debug|Win32
		{39C4109E-E8F2-4D39-8E9A-60D63C1D4082}.DebugE|x86.ActiveCfg = Debug|Win32
		{39C4109E-E8F2-4D39-8E9A-60D63C1D4082}.DebugE|x86.Build.0 = Debug|Win32
		{39C4109E-E8F2-4D39-8E9A-60D63C1D4082}.Hybrid|x86.ActiveCfg = Debug|Win32
		{39C4109E-E8F2-4D39-8E9A-60D63C1D4082}.Hybrid|x86.Build.0 = Debug|Win32
		{39C4109E-E8F2-4D39-8E9A-60D63C1D4082}.Internal|x86.ActiveCfg = Internal|Win32
		{39C4109E-E8F2-4D39-8E9A-60D63C1D4082}.Internal|x86.Build.0 = Internal|Win32
		{39C4109E-E8F2-4D39-8E9A-60D63C1D4082}.Max4Hybrid|x86.ActiveCfg = Debug|Win32
		{39C4109E-E8F2-4D39-8E9A-60D63C1D4082}.Max4Hybrid|x86.Build.0 = Debug|Win32
		{39C4109E-E8F2-4D39-8E9A-60D63C1D4082}.Max4Release|x86.ActiveCfg = Release|Win32
		{39C4109E-E8F2-4D39-8E9A-60D63C1D4082}.Max4Release|x86.Build.0 = Release|Win32
		{39C4109E-E8F2-4D39-8E9A-60D63C1D4082}.Profile|x86.ActiveCfg = Debug|Win32
		{39C4109E-E8F2-4D39-8E9A-60D63C1D4082}.Profile|x86.Build.0 = Debug|Win32
		{39C4109E-E8F2-4D39-8E9A-60D63C1D4082}.ProfileE|x86.ActiveCfg = Debug|Win32
		{39C4109E-E8F2-4D39-8E9A-60D63C1D4082}.ProfileE|x86.Build.0 = Debug|Win32
		{39C4109E-E8F2-4D39-8E9A-60D63C1D4082}.Release|x86.ActiveCfg = Release|Win32
		{39C4109E-E8F2-4D39-8E9A-60D63C1D4082}.Release|x86.Build.0 = Release|Win32
		{39C4109E-E8F2-4D39-8E9A-60D63C1D4082}.Template|x86.ActiveCfg = Template|Win32
		{39C4109E-E8F2-4D39-8E9A-60D63C1D4082}.Template|x86.Build.0 = Template|Win32
		{9F5A741D-C7AD-4418-8FDB-49A84914F8A6}.Debug|x86.ActiveCfg = Debug|Win32
		{9F5A741D-C7AD-4418-8FDB-49A84914F8A6}.Debug|x86.Build.0 = Debug|Win32
		{9F5A741D-C7AD-4418-8FDB-49A84914F8A6}.DebugE|x86.ActiveCfg = Debug|Win32
		{9F5A741D-C7AD-4418-8FDB-49A84914F8A6}.DebugE|x86.Build.0 = Debug|Win32
		{9F5A741D-C7AD-4418-8FDB-49A84914F8A6}.Hybrid|x86.ActiveCfg = Debug|Win32
		{9F5A741D-C7AD-4418-8FDB-49A84914F8A6}.Hybrid|x86.Build.0 = Debug|Win32
		{9F5A741D-C7AD-4418-8FDB-49A84914F8A6}.Internal|x86.ActiveCfg = Internal|Win32
		{9F5A741D-C7AD-4418-8FDB-49A84914F8A6}.Internal|x86.Build.0 = Internal|Win32
		{9F5A741D-C7AD-4418-8FDB-49A84914F8A6}.Max4Hybrid|x86.ActiveCfg = Debug|Win32
		{9F5A741D-C7AD-4418-8FDB-49A84914F8A6}.Max4Hybrid|x86.Build.0 = Debug|Win32
		{9F5A741D-C7AD-4418-8FDB-49A84914F8A6}.Max4Release|x86.ActiveCfg = Release|Win32
		{9F5A741D-C7AD-4418-8FDB-49A84914F8A6}.Max4Release|x86.Build.0 = Release|Win32
		{9F5A741D-C7AD-4418-8FDB-49A84914F8A6}.Profile|x86.ActiveCfg = Debug|Win32
		{9F5A741D-C7AD-4418-8FDB-49A84914F8A6}.Profile|x86.Build.0 = Debug|Win32
		{9F5A741D-C7AD-4418-8FDB-49A84914F8A6}.ProfileE|x86.ActiveCfg = Debug|Win32
		{9F5A741D-C7AD-4418-8FDB-49A84914F8A6}.ProfileE|x86.Build.0 = Debug|Win32
		{9F5A741D-C7AD-4418-8FDB-49A84914F8A6}.Release|x86.ActiveCfg = Release|Win32
		{9F5A741D-C7AD-4418-8FDB-49A84914F8A6}.Release|x86.Build.0 = Release|Win32
		{9F5A741D-C7AD-4418-8FDB-49A84914F8A6}.Template|x86.ActiveCfg = Template|Win32
		{9F5A741D-C7AD-4418-8FDB-49A84914F8A6}.Template|x86.Build.0 = Template|Win32
		{49D3DD08-A14E-439A-B436-B55C7A08635B}.Debug|x86.ActiveCfg = Debug|Win32
		{49D3DD08-A14E-439A-B436-B55C7A08635B}.Debug|x86.Build.0 = Debug|Win32
		{49D3DD08-A14E-439A-B436-B55C7A08635B}.DebugE|x86.ActiveCfg = Debug|Win32
		{49D3DD08-A14E-439A-B436-B55C7A08635B}.DebugE|x86.Build.0 = Debug|Win32
		{49D3DD08-A14E-439A-B436-B55C7A08635B}.Hybrid|x86.ActiveCfg = Debug|Win32
		{49D3DD08-A14E-439A-B436-B55C7A08635B}.Hybrid|x86.Build.0 = Debug|Win32
		{49D3DD08-A14E-439A-B436-B55C7A08635B}.Internal|x86.ActiveCfg = Internal|Win32
		{49D3DD08-A14E-439A-B436-B55C7A08635B}.Internal|x86.Build.0 = Internal|Win32
		{49D3DD08-A14E-439A-B436-B55C7A08635B}.Max4Hybrid|x86.ActiveCfg = Debug|Win32
		{49D3DD08-A14E-439A-B436-B55C7A08635B}.Max4Hybrid|x86.Build.0 = Debug|Win32
		{49D3DD08-A14E-439A-B436-B55C7A08635B}.Max4Release|x86.ActiveCfg = Release|Win32
		{49D3DD08-A14E-439A-B436-B55C7A08635B}.Max4Release|x86.Build.0 = Release|Win32
		{49D3DD08-A14E-439A-B436-B55C7A08635B}.Profile|x86.ActiveCfg = Debug|Win32
		{49D3DD08-A14E-439A-B436-B55C7A08635B}.Profile|x86.Build.0 = Debug|Win32
		{49D3DD08-A14E-439A-B436-B55C7A08635B}.ProfileE|x86.ActiveCfg = Debug|Win32
		{49D3DD08-A14E-439A-B436-B55C7A08635B}.ProfileE|x86.Build.0 = Debug|Win32
		{49D3DD08-A14E-439A-B436-B55C7A08635B}.Release|x86.ActiveCfg = Release|Win32
		{49D3DD08-A14E-439A-B436-B55C7A08635B}.Release|x86.Build.0 = Release|Win32
		{49D3DD08-A14E-439A-B436-B55C7A08635B}.Template|x86.ActiveCfg = Template|Win32
		{49D3DD08-A14E-439A-B436-B55C7A08635B}.Template|x86.Build.0 = Template|Win32
		{1F2971BC-84F6-4E77-8A08-6759634C2F66}.Debug|x86.ActiveCfg = Debug|Win32
		{1F2971BC-84F6-4E77-8A08-6759634C2F66}.Debug|x86.Build.0 = Debug|Win32
		{1F2971BC-84F6-4E77-8A08-6759634C2F66}.DebugE|x86.ActiveCfg = Debug|Win32
		{1F2971BC-84F6-4E77-8A08-6759634C2F66}.DebugE|x86.Build.0 = Debug|Win32
		{1F2971BC-84F6-4E77-8A08-6759634C2F66}.Hybrid|x86.ActiveCfg = Debug|Win32
		{1F2971BC-84F6-4E77-8A08-6759634C2F66}.Hybrid|x86.Build.0 = Debug|Win32
		{1F2971BC-84F6-4E77-8A08-6759634C2F66}.Internal|x86.ActiveCfg = Debug|Win32
		{1F2971BC-84F6-4E77-8A08-6759634C2F66}.Internal|x86.Build.0 = Debug|Win32
		{1F2971BC-84F6-4E77-8A08-6759634C2F66}.Max4Hybrid|x86.ActiveCfg = Debug|Win32
		{1F2971BC-84F6-4E77-8A08-6759634C2F66}.Max4Hybrid|x86.Build.0 = Debug|Win32
		{1F2971BC-84F6-4E77-8A08-6759634C2F66}.Max4Release|x86.ActiveCfg = Release|Win32
		{1F2971BC-84F6-4E77-8A08-6759634C2F66}.Max4Release|x86.Build.0 = Release|Win32
		{1F2971BC-84F6-4E77-8A08-6759634C2F66}.Profile|x86.ActiveCfg = Debug|Win32
		{1F2971BC-84F6-4E77-8A08-6759634C2F66}.Profile|x86.Build.0 = Debug|Win32
		{1F2971BC-84F6-4E77-8A08-6759634C2F66}.ProfileE|x86.ActiveCfg = Debug|Win32
		{1F2971BC-84F6-4E77-8A08-6759634C2F66}.ProfileE|x86.Build.0 = Debug|Win32
		{1F2971BC-84F6-4E77-8A08-6759634C2F66}.Release|x86.ActiveCfg = Release|Win32
		{1F2971BC-84F6-4E77-8A08-6759634C2F66}.Release|x86.Build.0 = Release|Win32
		{1F2971BC-84F6-4E77-8A08-6759634C2F66}.Template|x86.ActiveCfg = Template|Win32
		{1F2971BC-84F6-4E77-8A08-6759634C2F66}.Template|x86.Build.0 = Template|Win32
		{7D166F02-AB76-4529-B80D-E66E74741AA7}.Debug|x86.ActiveCfg = Debug|Win32
		{7D166F02-AB76-4529-B80D-E66E74741AA7}.Debug|x86.Build.0 = Debug|Win32
		{7D166F02-AB76-4529-B80D-E66E74741AA7}.DebugE|x86.ActiveCfg = Debug|Win32
		{7D166F02-AB76-4529-B80D-E66E74741AA7}.DebugE|x86.Build.0 = Debug|Win32
		{7D166F02-AB76-4529-B80D-E66E74741AA7}.Hybrid|x86.ActiveCfg = Debug|Win32
		{7D166F02-AB76-4529-B80D-E66E74741AA7}.Hybrid|x86.Build.0 = Debug|Win32
		{7D166F02-AB76-4529-B80D-E66E74741AA7}.Internal|x86.ActiveCfg = Debug|Win32
		{7D166F02-AB76-4529-B80D-E66E74741AA7}.Internal|x86.Build.0 = Debug|Win32
		{7D166F02-AB76-4529-B80D-E66E74741AA7}.Max4Hybrid|x86.ActiveCfg = Debug|Win32
		{7D166F02-AB76-4529-B80D-E66E74741AA7}.Max4Hybrid|x86.Build.0 = Debug|Win32
		{7D166F02-AB76-4529-B80D-E66E74741AA7}.Max4Release|x86.ActiveCfg = Release|Win32
		{7D166F02-AB76-4529-B80D-E66E74741AA7}.Max4Release|x86.Build.0 = Release|Win32
		{7D166F02-AB76-4529-B80D-E66E74741AA7}.Profile|x86.ActiveCfg = Debug|Win32
		{7D166F02-AB76-4529-B80D-E66E74741AA7}.Profile|x86.Build.0 = Debug|Win32
		{7D166F02-AB76-4529-B80D-E66E74741AA7}.ProfileE|x86.ActiveCfg = Debug|Win32
		{7D166F02-AB76-4529-B80D-E66E74741AA7}.ProfileE|x86.Build.0 = Debug|Win32
		{7D166F02-AB76-4529-B80D-E66E74741AA7}.Release|x86.ActiveCfg = Release|Win32
		{7D166F02-AB76-4529-B80D-E66E74741AA7}.Release|x86.Build.0 = Release|Win32
		{7D166F02-AB76-4529-B80D-E66E74741AA7}.Template|x86.ActiveCfg = Template|Win32
		{7D166F02-AB76-4529-B80D-E66E74741AA7}.Template|x86.Build.0 = Template|Win32
		{A7345179-5B56-4C22-9335-44180C255A79}.Debug|x86.ActiveCfg = Debug|Win32
		{A7345179-5B56-4C22-9335-44180C255A79}.Debug|x86.Build.0 = Debug|Win32
		{A7345179-5B56-4C22-9335-44180C255A79}.DebugE|x86.ActiveCfg = Debug|Win32
		{A7345179-5B56-4C22-9335-44180C255A79}.DebugE|x86.Build.0 = Debug|Win32
		{A7345179-5B56-4C22-9335-44180C255A79}.Hybrid|x86.ActiveCfg = Hybrid|Win32
		{A7345179-5B56-4C22-9335-44180C255A79}.Hybrid|x86.Build.0 = Hybrid|Win32
		{A7345179-5B56-4C22-9335-44180C255A79}.Internal|x86.ActiveCfg = Debug|Win32
		{A7345179-5B56-4C22-9335-44180C255A79}.Internal|x86.Build.0 = Debug|Win32
		{A7345179-5B56-4C22-9335-44180C255A79}.Max4Hybrid|x86.ActiveCfg = Max4Hybrid|Win32
		{A7345179-5B56-4C22-9335-44180C255A79}.Max4Hybrid|x86.Build.0 = Max4Hybrid|Win32
		{A7345179-5B56-4C22-9335-44180C255A79}.Max4Release|x86.ActiveCfg = Max4Release|Win32
		{A7345179-5B56-4C22-9335-44180C255A79}.Max4Release|x86.Build.0 = Max4Release|Win32
		{A7345179-5B56-4C22-9335-44180C255A79}.Profile|x86.ActiveCfg = Debug|Win32
		{A7345179-5B56-4C22-9335-44180C255A79}.Profile|x86.Build.0 = Debug|Win32
		{A7345179-5B56-4C22-9335-44180C255A79}.ProfileE|x86.ActiveCfg = Debug|Win32
		{A7345179-5B56-4C22-9335-44180C255A79}.ProfileE|x86.Build.0 = Debug|Win32
		{A7345179-5B56-4C22-9335-44180C255A79}.Release|x86.ActiveCfg = Release|Win32
		{A7345179-5B56-4C22-9335-44180C255A79}.Release|x86.Build.0 = Release|Win32
		{A7345179-5B56-4C22-9335-44180C255A79}.Template|x86.ActiveCfg = Template|Win32
		{A7345179-5B56-4C22-9335-44180C255A79}.Template|x86.Build.0 = Template|Win32
		{B7ECE598-8420-4D9A-B0A3-3956726EBA34}.Debug|x86.ActiveCfg = Debug|Win32
		{B7ECE598-8420-4D9A-B0A3-3956726EBA34}.Debug|x86.Build.0 = Debug|Win32
		{B7ECE598-8420-4D9A-B0A3-3956726EBA34}.DebugE|x86.ActiveCfg = Debug|Win32
		{B7ECE598-8420-4D9A-B0A3-3956726EBA34}.DebugE|x86.Build.0 = Debug|Win32
		{B7ECE598-8420-4D9A-B0A3-3956726EBA34}.Hybrid|x86.ActiveCfg = Hybrid|Win32
		{B7ECE598-8420-4D9A-B0A3-3956726EBA34}.Hybrid|x86.Build.0 = Hybrid|Win32
		{B7ECE598-8420-4D9A-B0A3-3956726EBA34}.Internal|x86.ActiveCfg = Debug|Win32
		{B7ECE598-8420-4D9A-B0A3-3956726EBA34}.Internal|x86.Build.0 = Debug|Win32
		{B7ECE598-8420-4D9A-B0A3-3956726EBA34}.Max4Hybrid|x86.ActiveCfg = Hybrid|Win32
		{B7ECE598-8420-4D9A-B0A3-3956726EBA34}.Max4Hybrid|x86.Build.0 = Hybrid|Win32
		{B7ECE598-8420-4D9A-B0A3-3956726EBA34}.Max4Release|x86.ActiveCfg = Release|Win32
		{B7ECE598-8420-4D9A-B0A3-3956726EBA34}.Max4Release|x86.Build.0 = Release|Win32
		{B7ECE598-8420-4D9A-B0A3-3956726EBA34}.Profile|x86.ActiveCfg = Debug|Win32
		{B7ECE598-8420-4D9A-B0A3-3956726EBA34}.Profile|x86.Build.0 = Debug|Win32
		{B7ECE598-8420-4D9A-B0A3-3956726EBA34}.ProfileE|x86.ActiveCfg = Debug|Win32
		{B7ECE598-8420-4D9A-B0A3-3956726EBA34}.ProfileE|x86.Build.0 = Debug|Win32
		{B7ECE598-8420-4D9A-B0A3-3956726EBA34}.Release|x86.ActiveCfg = Release|Win32
		{B7ECE598-8420-4D9A-B0A3-3956726EBA34}.Release|x86.Build.0 = Release|Win32
		{B7ECE598-8420-4D9A-B0A3-3956726EBA34}.Template|x86.ActiveCfg = Template|Win32
		{B7ECE598-8420-4D9A-B0A3-3956726EBA34}.Template|x86.Build.0 = Template|Win32
		{3D6B853C-562B-4E7C-A0BF-D24C3F9A2504}.Debug|x86.ActiveCfg = Debug|Win32
		{3D6B853C-562B-4E7C-A0BF-D24C3F9A2504}.Debug|x86.Build.0 = Debug|Win32
		{3D6B853C-562B-4E7C-A0BF-D24C3F9A2504}.DebugE|x86.ActiveCfg = Debug|Win32
		{3D6B853C-562B-4E7C-A0BF-D24C3F9A2504}.DebugE|x86.Build.0 = Debug|Win32
		{3D6B853C-562B-4E7C-A0BF-D24C3F9A2504}.Hybrid|x86.ActiveCfg = Debug|Win32
		{3D6B853C-562B-4E7C-A0BF-D24C3F9A2504}.Hybrid|x86.Build.0 = Debug|Win32
		{3D6B853C-562B-4E7C-A0BF-D24C3F9A2504}.Internal|x86.ActiveCfg = Debug|Win32
		{3D6B853C-562B-4E7C-A0BF-D24C3F9A2504}.Internal|x86.Build.0 = Debug|Win32
		{3D6B853C-562B-4E7C-A0BF-D24C3F9A2504}.Max4Hybrid|x86.ActiveCfg = Debug|Win32
		{3D6B853C-562B-4E7C-A0BF-D24C3F9A2504}.Max4Hybrid|x86.Build.0 = Debug|Win32
		{3D6B853C-562B-4E7C-A0BF-D24C3F9A2504}.Max4Release|x86.ActiveCfg = Release|Win32
		{3D6B853C-562B-4E7C-A0BF-D24C3F9A2504}.Max4Release|x86.Build.0 = Release|Win32
		{3D6B853C-562B-4E7C-A0BF-D24C3F9A2504}.Profile|x86.ActiveCfg = Debug|Win32
		{3D6B853C-562B-4E7C-A0BF-D24C3F9A2504}.Profile|x86.Build.0 = Debug|Win32
		{3D6B853C-562B-4E7C-A0BF-D24C3F9A2504}.ProfileE|x86.ActiveCfg = Debug|Win32
		{3D6B853C-562B-4E7C-A0BF-D24C3F9A2504}.ProfileE|x86.Build.0 = Debug|Win32
		{3D6B853C-562B-4E7C-A0BF-D24C3F9A2504}.Release|x86.ActiveCfg = Release|Win32
		{3D6B853C-562B-4E7C-A0BF-D24C3F9A2504}.Release|x86.Build.0 = Release|Win32
		{3D6B853C-562B-4E7C-A0BF-D24C3F9A2504}.Template|x86.ActiveCfg = Template|Win32
		{3D6B853C-562B-4E7C-A0BF-D24C3F9A2504}.Template|x86.Build.0 = Template|Win32
		{AB29AAE4-E6D8-4890-A600-30522D8A57CE}.Debug|x86.ActiveCfg = Debug|Win32
		{AB29AAE4-E6D8-4890-A600-30522D8A57CE}.Debug|x86.Build.0 = Debug|Win32
		{AB29AAE4-E6D8-4890-A600-30522D8A57CE}.DebugE|x86.ActiveCfg = Debug|Win32
		{AB29AAE4-E6D8-4890-A600-30522D8A57CE}.DebugE|x86.Build.0 = Debug|Win32
		{AB29AAE4-E6D8-4890-A600-30522D8A57CE}.Hybrid|x86.ActiveCfg = Debug|Win32
		{AB29AAE4-E6D8-4890-A600-30522D8A57CE}.Hybrid|x86.Build.0 = Debug|Win32
		{AB29AAE4-E6D8-4890-A600-30522D8A57CE}.Internal|x86.ActiveCfg = Debug|Win32
		{AB29AAE4-E6D8-4890-A600-30522D8A57CE}.Internal|x86.Build.0 = Debug|Win32
		{AB29AAE4-E6D8-4890-A600-30522D8A57CE}.Max4Hybrid|x86.ActiveCfg = Debug|Win32
		{AB29AAE4-E6D8-4890-A600-30522D8A57CE}.Max4Hybrid|x86.Build.0 = Debug|Win32
		{AB29AAE4-E6D8-4890-A600-30522D8A57CE}.Max4Release|x86.ActiveCfg = Release|Win32
		{AB29AAE4-E6D8-4890-A600-30522D8A57CE}.Max4Release|x86.Build.0 = Release|Win32
		{AB29AAE4-E6D8-4890-A600-30522D8A57CE}.Profile|x86.ActiveCfg = Debug|Win32
		{AB29AAE4-E6D8-4890-A600-30522D8A57CE}.Profile|x86.Build.0 = Debug|Win32
		{AB29AAE4-E6D8-4890-A600-30522D8A57CE}.ProfileE|x86.ActiveCfg = Debug|Win32
		{AB29AAE4-E6D8-4890-A600-30522D8A57CE}.ProfileE|x86.Build.0 = Debug|Win32
		{AB29AAE4-E6D8-4890-A600-30522D8A57CE}.Release|x86.ActiveCfg = Release|Win32
		{AB29AAE4-E6D8-4890-A600-30522D8A57CE}.Release|x86.Build.0 = Release|Win32
		{AB29AAE4-E6D8-4890-A600-30522D8A57CE}.Template|x86.ActiveCfg = Template|Win32
		{AB29AAE4-E6D8-4890-A600-30522D8A57CE}.Template|x86.Build.0 = Template|Win32
		{D0CDCA71-72EB-48EB-8CF1-4E70B33A6DB1}.Debug|x86.ActiveCfg = Debug|Win32
		{D0CDCA71-72EB-48EB-8CF1-4E70B33A6DB1}.Debug|x86.Build.0 = Debug|Win32
		{D0CDCA71-72EB-48EB-8CF1-4E70B33A6DB1}.DebugE|x86.ActiveCfg = DebugE|Win32
		{D0CDCA71-72EB-48EB-8CF1-4E70B33A6DB1}.DebugE|x86.Build.0 = DebugE|Win32
		{D0CDCA71-72EB-48EB-8CF1-4E70B33A6DB1}.Hybrid|x86.ActiveCfg = Debug|Win32
		{D0CDCA71-72EB-48EB-8CF1-4E70B33A6DB1}.Hybrid|x86.Build.0 = Debug|Win32
		{D0CDCA71-72EB-48EB-8CF1-4E70B33A6DB1}.Internal|x86.ActiveCfg = Internal|Win32
		{D0CDCA71-72EB-48EB-8CF1-4E70B33A6DB1}.Internal|x86.Build.0 = Internal|Win32
		{D0CDCA71-72EB-48EB-8CF1-4E70B33A6DB1}.Max4Hybrid|x86.ActiveCfg = Debug|Win32
		{D0CDCA71-72EB-48EB-8CF1-4E70B33A6DB1}.Max4Hybrid|x86.Build.0 = Debug|Win32
		{D0CDCA71-72EB-48EB-8CF1-4E70B33A6DB1}.Max4Release|x86.ActiveCfg = Release|Win32
		{D0CDCA71-72EB-48EB-8CF1-4E70B33A6DB1}.Max4Release|x86.Build.0 = Release|Win32
		{D0CDCA71-72EB-48EB-8CF1-4E70B33A6DB1}.Profile|x86.ActiveCfg = Profile|Win32
		{D0CDCA71-72EB-48EB-8CF1-4E70B33A6DB1}.Profile|x86.Build.0 = Profile|Win32
		{D0CDCA71-72EB-48EB-8CF1-4E70B33A6DB1}.ProfileE|x86.ActiveCfg = ProfileE|Win32
		{D0CDCA71-72EB-48EB-8CF1-4E70B33A6DB1}.ProfileE|x86.Build.0 = ProfileE|Win32
		{D0CDCA71-72EB-48EB-8CF1-4E70B33A6DB1}.Release|x86.ActiveCfg = Release|Win32
		{D0CDCA71-72EB-48EB-8CF1-4E70B33A6DB1}.Release|x86.Build.0 = Release|Win32
		{D0CDCA71-72EB-48EB-8CF1-4E70B33A6DB1}.Template|x86.ActiveCfg = Template|Win32
		{D0CDCA71-72EB-48EB-8CF1-4E70B33A6DB1}.Template|x86.Build.0 = Template|Win32
		{A28F173E-57A4-42D8-80E4-549BFFB5BDF1}.Debug|x86.ActiveCfg = Debug|Win32
		{A28F173E-57A4-42D8-80E4-549BFFB5BDF1}.Debug|x86.Build.0 = Debug|Win32
		{A28F173E-57A4-42D8-80E4-549BFFB5BDF1}.DebugE|x86.ActiveCfg = Debug|Win32
		{A28F173E-57A4-42D8-80E4-549BFFB5BDF1}.DebugE|x86.Build.0 = Debug|Win32
		{A28F173E-57A4-42D8-80E4-549BFFB5BDF1}.Hybrid|x86.ActiveCfg = Debug|Win32
		{A28F173E-57A4-42D8-80E4-549BFFB5BDF1}.Hybrid|x86.Build.0 = Debug|Win32
		{A28F173E-57A4-42D8-80E4-549BFFB5BDF1}.Internal|x86.ActiveCfg = Internal|Win32
		{A28F173E-57A4-42D8-80E4-549BFFB5BDF1}.Internal|x86.Build.0 = Internal|Win32
		{A28F173E-57A4-42D8-80E4-549BFFB5BDF1}.Max4Hybrid|x86.ActiveCfg = Debug|Win32
		{A28F173E-57A4-42D8-80E4-549BFFB5BDF1}.Max4Hybrid|x86.Build.0 = Debug|Win32
		{A28F173E-57A4-42D8-80E4-549BFFB5BDF1}.Max4Release|x86.ActiveCfg = Release|Win32
		{A28F173E-57A4-42D8-80E4-549BFFB5BDF1}.Max4Release|x86.Build.0 = Release|Win32
		{A28F173E-57A4-42D8-80E4-549BFFB5BDF1}.Profile|x86.ActiveCfg = Profile|Win32
		{A28F173E-57A4-42D8-80E4-549BFFB5BDF1}.Profile|x86.Build.0 = Profile|Win32
		{A28F173E-57A4-42D8-80E4-549BFFB5BDF1}.ProfileE|x86.ActiveCfg = Profile|Win32
		{A28F173E-57A4-42D8-80E4-549BFFB5BDF1}.ProfileE|x86.Build.0 = Profile|Win32
		{A28F173E-57A4-42D8-80E4-549BFFB5BDF1}.Release|x86.ActiveCfg = Release|Win32
		{A28F173E-57A4-42D8-80E4-549BFFB5BDF1}.Release|x86.Build.0 = Release|Win32
		{A28F173E-57A4-42D8-80E4-549BFFB5BDF1}.Template|x86.ActiveCfg = Template|Win32
		{A28F173E-57A4-42D8-80E4-549BFFB5BDF1}.Template|x86.Build.0 = Template|Win32
		{2E3DFA46-CFC3-4470-A1E1-E8B0E7082237}.Debug|x86.ActiveCfg = Debug|Win32
		{2E3DFA46-CFC3-4470-A1E1-E8B0E7082237}.Debug|x86.Build.0 = Debug|Win32
		{2E3DFA46-CFC3-4470-A1E1-E8B0E7082237}.DebugE|x86.ActiveCfg = Debug|Win32
		{2E3DFA46-CFC3-4470-A1E1-E8B0E7082237}.DebugE|x86.Build.0 = Debug|Win32
		{2E3DFA46-CFC3-4470-A1E1-E8B0E7082237}.Hybrid|x86.ActiveCfg = Debug|Win32
		{2E3DFA46-CFC3-4470-A1E1-E8B0E7082237}.Hybrid|x86.Build.0 = Debug|Win32
		{2E3DFA46-CFC3-4470-A1E1-E8B0E7082237}.Internal|x86.ActiveCfg = Internal|Win32
		{2E3DFA46-CFC3-4470-A1E1-E8B0E7082237}.Internal|x86.Build.0 = Internal|Win32
		{2E3DFA46-CFC3-4470-A1E1-E8B0E7082237}.Max4Hybrid|x86.ActiveCfg = Debug|Win32
		{2E3DFA46-CFC3-4470-A1E1-E8B0E7082237}.Max4Hybrid|x86.Build.0 = Debug|Win32
		{2E3DFA46-CFC3-4470-A1E1-E8B0E7082237}.Max4Release|x86.ActiveCfg = Release|Win32
		{2E3DFA46-CFC3-4470-A1E1-E8B0E7082237}.Max4Release|x86.Build.0 = Release|Win32
		{2E3DFA46-CFC3-4470-A1E1-E8B0E7082237}.Profile|x86.ActiveCfg = Profile|Win32
		{2E3DFA46-CFC3-4470-A1E1-E8B0E7082237}.Profile|x86.Build.0 = Profile|Win32
		{2E3DFA46-CFC3-4470-A1E1-E8B0E7082237}.ProfileE|x86.ActiveCfg = Profile|Win32
		{2E3DFA46-CFC3-4470-A1E1-E8B0E7082237}.ProfileE|x86.Build.0 = Profile|Win32
		{2E3DFA46-CFC3-4470-A1E1-E8B0E7082237}.Release|x86.ActiveCfg = Release|Win32
		{2E3DFA46-CFC3-4470-A1E1-E8B0E7082237}.Release|x86.Build.0 = Release|Win32
		{2E3DFA46-CFC3-4470-A1E1-E8B0E7082237}.Template|x86.ActiveCfg = Template|Win32
		{2E3DFA46-CFC3-4470-A1E1-E8B0E7082237}.Template|x86.Build.0 = Template|Win32
		{C6800BBD-6F3C-4DB0-A82E-B348A819C8FF}.Debug|x86.ActiveCfg = Debug|Win32
		{C6800BBD-6F3C-4DB0-A82E-B348A819C8FF}.Debug|x86.Build.0 = Debug|Win32
		{C6800BBD-6F3C-4DB0-A82E-B348A819C8FF}.DebugE|x86.ActiveCfg = Debug|Win32
		{C6800BBD-6F3C-4DB0-A82E-B348A819C8FF}.DebugE|x86.Build.0 = Debug|Win32
		{C6800BBD-6F3C-4DB0-A82E-B348A819C8FF}.Hybrid|x86.ActiveCfg = Debug|Win32
		{C6800BBD-6F3C-4DB0-A82E-B348A819C8FF}.Hybrid|x86.Build.0 = Debug|Win32
		{C6800BBD-6F3C-4DB0-A82E-B348A819C8FF}.Internal|x86.ActiveCfg = Internal|Win32
		{C6800BBD-6F3C-4DB0-A82E-B348A819C8FF}.Internal|x86.Build.0 = Internal|Win32
		{C6800BBD-6F3C-4DB0-A82E-B348A819C8FF}.Max4Hybrid|x86.ActiveCfg = Debug|Win32
		{C6800BBD-6F3C-4DB0-A82E-B348A819C8FF}.Max4Hybrid|x86.Build.0 = Debug|Win32
		{C6800BBD-6F3C-4DB0-A82E-B348A819C8FF}.Max4Release|x86.ActiveCfg = Release|Win32
		{C6800BBD-6F3C-4DB0-A82E-B348A819C8FF}.Max4Release|x86.Build.0 = Release|Win32
		{C6800BBD-6F3C-4DB0-A82E-B348A819C8FF}.Profile|x86.ActiveCfg = Profile|Win32
		{C6800BBD-6F3C-4DB0-A82E-B348A819C8FF}.Profile|x86.Build.0 = Profile|Win32
		{C6800BBD-6F3C-4DB0-A82E-B348A819C8FF}.ProfileE|x86.ActiveCfg = Profile|Win32
		{C6800BBD-6F3C-4DB0-A82E-B348A819C8FF}.ProfileE|x86.Build.0 = Profile|Win32
		{C6800BBD-6F3C-4DB0-A82E-B348A819C8FF}.Release|x86.ActiveCfg = Release|Win32
		{C6800BBD-6F3C-4DB0-A82E-B348A819C8FF}.Release|x86.Build.0 = Release|Win32
		{C6800BBD-6F3C-4DB0-A82E-B348A819C8FF}.Template|x86.ActiveCfg = Template|Win32
		{C6800BBD-6F3C-4DB0-A82E-B348A819C8FF}.Template|x86.Build.0 = Template|Win32
		{5A00C199-96E2-4F30-AA93-F51C72F11DB5}.Debug|x86.ActiveCfg = Debug|Win32
		{5A00C199-96E2-4F30-AA93-F51C72F11DB5}.Debug|x86.Build.0 = Debug|Win32
		{5A00C199-96E2-4F30-AA93-F51C72F11DB5}.DebugE|x86.ActiveCfg = DebugE|Win32
		{5A00C199-96E2-4F30-AA93-F51C72F11DB5}.DebugE|x86.Build.0 = DebugE|Win32
		{5A00C199-96E2-4F30-AA93-F51C72F11DB5}.Hybrid|x86.ActiveCfg = Debug|Win32
		{5A00C199-96E2-4F30-AA93-F51C72F11DB5}.Hybrid|x86.Build.0 = Debug|Win32
		{5A00C199-96E2-4F30-AA93-F51C72F11DB5}.Internal|x86.ActiveCfg = Internal|Win32
		{5A00C199-96E2-4F30-AA93-F51C72F11DB5}.Internal|x86.Build.0 = Internal|Win32
		{5A00C199-96E2-4F30-AA93-F51C72F11DB5}.Max4Hybrid|x86.ActiveCfg = Debug|Win32
		{5A00C199-96E2-4F30-AA93-F51C72F11DB5}.Max4Hybrid|x86.Build.0 = Debug|Win32
		{5A00C199-96E2-4F30-AA93-F51C72F11DB5}.Max4Release|x86.ActiveCfg = Release|Win32
		{5A00C199-96E2-4F30-AA93-F51C72F11DB5}.Max4Release|x86.Build.0 = Release|Win32
		{5A00C199-96E2-4F30-AA93-F51C72F11DB5}.Profile|x86.ActiveCfg = Profile|Win32
		{5A00C199-96E2-4F30-AA93-F51C72F11DB5}.Profile|x86.Build.0 = Profile|Win32
		{5A00C199-96E2-4F30-AA93-F51C72F11DB5}.ProfileE|x86.ActiveCfg = ProfileE|Win32
		{5A00C199-96E2-4F30-AA93-F51C72F11DB5}.ProfileE|x86.Build.0 = ProfileE|Win32
		{5A00C199-96E2-4F30-AA93-F51C72F11DB5}.Release|x86.ActiveCfg = Release|Win32
		{5A00C199-96E2-4F30-AA93-F51C72F11DB5}.Release|x86.Build.0 = Release|Win32
		{5A00C199-96E2-4F30-AA93-F51C72F11DB5}.Template|x86.ActiveCfg = Template|Win32
		{5A00C199-96E2-4F30-AA93-F51C72F11DB5}.Template|x86.Build.0 = Template|Win32
		{F49DEBA1-796E-41C3-971A-8ABD08572674}.Debug|x86.ActiveCfg = Debug|Win32
		{F49DEBA1-796E-41C3-971A-8ABD08572674}.Debug|x86.Build.0 = Debug|Win32
		{F49DEBA1-796E-41C3-971A-8ABD08572674}.DebugE|x86.ActiveCfg = Debug|Win32
		{F49DEBA1-796E-41C3-971A-8ABD08572674}.DebugE|x86.Build.0 = Debug|Win32
		{F49DEBA1-796E-41C3-971A-8ABD08572674}.Hybrid|x86.ActiveCfg = Debug|Win32
		{F49DEBA1-796E-41C3-971A-8ABD08572674}.Hybrid|x86.Build.0 = Debug|Win32
		{F49DEBA1-796E-41C3-971A-8ABD08572674}.Internal|x86.ActiveCfg = Internal|Win32
		{F49DEBA1-796E-41C3-971A-8ABD08572674}.Internal|x86.Build.0 = Internal|Win32
		{F49DEBA1-796E-41C3-971A-8ABD08572674}.Max4Hybrid|x86.ActiveCfg = Debug|Win32
		{F49DEBA1-796E-41C3-971A-8ABD08572674}.Max4Hybrid|x86.Build.0 = Debug|Win32
		{F49DEBA1-796E-41C3-971A-8ABD08572674}.Max4Release|x86.ActiveCfg = Release|Win32
		{F49DEBA1-796E-41C3-971A-8ABD08572674}.Max4Release|x86.Build.0 = Release|Win32
		{F49DEBA1-796E-41C3-971A-8ABD08572674}.Profile|x86.ActiveCfg = Profile|Win32
		{F49DEBA1-796E-41C3-971A-8ABD08572674}.Profile|x86.Build.0 = Profile|Win32
		{F49DEBA1-796E-41C3-971A-8ABD08572674}.ProfileE|x86.ActiveCfg = Profile|Win32
		{F49DEBA1-796E-41C3-971A-8ABD08572674}.ProfileE|x86.Build.0 = Profile|Win32
		{F49DEBA1-796E-41C3-971A-8ABD08572674}.Release|x86.ActiveCfg = Release|Win32
		{F49DEBA1-796E-41C3-971A-8ABD08572674}.Release|x86.Build.0 = Release|Win32
		{F49DEBA1-796E-41C3-971A-8ABD08572674}.Template|x86.ActiveCfg = Template|Win32
		{F49DEBA1-796E-41C3-971A-8ABD08572674}.Template|x86.Build.0 = Template|Win32
	EndGlobalSection
	GlobalSection(SolutionProperties) = preSolution
		HideSolutionNode = FALSE
	EndGlobalSection
	GlobalSection(ExtensibilityGlobals) = postSolution
		SolutionGuid = {8D06A1D7-6465-4FBC-901C-4E7739E8C43E}
	EndGlobalSection
EndGlobal
