<?xml version="1.0" encoding="utf-8"?>
<Project ToolsVersion="4.0" xmlns="http://schemas.microsoft.com/developer/msbuild/2003">
  <ItemGroup>
    <Filter Include="Source Files">
      <UniqueIdentifier>{233bd1f9-d18c-4c00-8ae7-233207044207}</UniqueIdentifier>
      <Extensions>cpp;c;cxx;rc;def;r;odl;idl;hpj;bat</Extensions>
    </Filter>
    <Filter Include="Source Files\Window Procedures">
      <UniqueIdentifier>{359438e9-b38a-49ce-998f-36e85b7c8f3b}</UniqueIdentifier>
    </Filter>
    <Filter Include="Header Files">
      <UniqueIdentifier>{ea98ba2c-a3e0-40e4-b1b7-f14b9fb3d6ea}</UniqueIdentifier>
      <Extensions>h;hpp;hxx;hm;inl</Extensions>
    </Filter>
    <Filter Include="Resource Files">
      <UniqueIdentifier>{d35c86a3-f07f-4d9c-807a-4b2ac0afeb9c}</UniqueIdentifier>
      <Extensions>ico;cur;bmp;dlg;rc2;rct;bin;rgs;gif;jpg;jpeg;jpe</Extensions>
    </Filter>
  </ItemGroup>
  <ItemGroup>
    <ClCompile Include="Source\Window Procedures\DirectorySelect.cpp">
      <Filter>Source Files\Window Procedures</Filter>
    </ClCompile>
    <ClCompile Include="Source\Window Procedures\ImageErrorProc.cpp">
      <Filter>Source Files\Window Procedures</Filter>
    </ClCompile>
    <ClCompile Include="Source\Window Procedures\ImagePackerProc.cpp">
      <Filter>Source Files\Window Procedures</Filter>
    </ClCompile>
    <ClCompile Include="Source\Window Procedures\PageErrorProc.cpp">
      <Filter>Source Files\Window Procedures</Filter>
    </ClCompile>
    <ClCompile Include="Source\Window Procedures\PreviewProc.cpp">
      <Filter>Source Files\Window Procedures</Filter>
    </ClCompile>
    <ClCompile Include="Source\ImageInfo.cpp">
      <Filter>Source Files</Filter>
    </ClCompile>
    <ClCompile Include="Source\ImagePacker.cpp">
      <Filter>Source Files</Filter>
    </ClCompile>
    <ClCompile Include="Source\TexturePage.cpp">
      <Filter>Source Files</Filter>
    </ClCompile>
    <ClCompile Include="Source\WinMain.cpp">
      <Filter>Source Files</Filter>
    </ClCompile>
  </ItemGroup>
  <ItemGroup>
    <ClInclude Include="Include\ImageDirectory.h">
      <Filter>Header Files</Filter>
    </ClInclude>
    <ClInclude Include="Include\ImageInfo.h">
      <Filter>Header Files</Filter>
    </ClInclude>
    <ClInclude Include="Include\ImagePacker.h">
      <Filter>Header Files</Filter>
    </ClInclude>
    <ClInclude Include="Include\TexturePage.h">
      <Filter>Header Files</Filter>
    </ClInclude>
    <ClInclude Include="Include\WindowProc.h">
      <Filter>Header Files</Filter>
    </ClInclude>
    <ClInclude Include="Include\WinMain.h">
      <Filter>Header Files</Filter>
    </ClInclude>
    <ClInclude Include="Resource\Resource.h">
      <Filter>Resource Files</Filter>
    </ClInclude>
  </ItemGroup>
  <ItemGroup>
    <ResourceCompile Include="Resource\ImagePacker.rc">
      <Filter>Resource Files</Filter>
    </ResourceCompile>
  </ItemGroup>
</Project>